
Microsoft Visual Studio Solution File, Format Version 12.00
# Visual Studio Version 17
VisualStudioVersion = 17.9.34622.214
MinimumVisualStudioVersion = 10.0.40219.1
Project("{FAE04EC0-301F-11D3-BF4B-00C04F79EFBC}") = "MVP_Lab9", "MVP_Lab9.csproj", "{8AE5D7D1-B528-45D2-8134-EA7BE82A1538}"
EndProject
Global
	GlobalSection(SolutionConfigurationPlatforms) = preSolution
		Debug|Any CPU = Debug|Any CPU
		Release|Any CPU = Release|Any CPU
	EndGlobalSection
	GlobalSection(ProjectConfigurationPlatforms) = postSolution
		{8AE5D7D1-B528-45D2-8134-EA7BE82A1538}.Debug|Any CPU.ActiveCfg = Debug|Any CPU
		{8AE5D7D1-B528-45D2-8134-EA7BE82A1538}.Debug|Any CPU.Build.0 = Debug|Any CPU
		{8AE5D7D1-B528-45D2-8134-EA7BE82A1538}.Release|Any CPU.ActiveCfg = Release|Any CPU
		{8AE5D7D1-B528-45D2-8134-EA7BE82A1538}.Release|Any CPU.Build.0 = Release|Any CPU
	EndGlobalSection
	GlobalSection(SolutionProperties) = preSolution
		HideSolutionNode = FALSE
	EndGlobalSection
	GlobalSection(ExtensibilityGlobals) = postSolution
		SolutionGuid = {482AC136-AE76-44AF-B6BF-6261FCB01CFE}
	EndGlobalSection
EndGlobal
