
Microsoft Visual Studio Solution File, Format Version 12.00
# Visual Studio Version 17
VisualStudioVersion = 17.9.34622.214
MinimumVisualStudioVersion = 10.0.40219.1
Project("{FAE04EC0-301F-11D3-BF4B-00C04F79EFBC}") = "MVVM_Lab9", "MVVM_Lab9.csproj", "{A52685DB-1D52-47ED-A60A-FAD8A5CC9514}"
EndProject
Global
	GlobalSection(SolutionConfigurationPlatforms) = preSolution
		Debug|Any CPU = Debug|Any CPU
		Release|Any CPU = Release|Any CPU
	EndGlobalSection
	GlobalSection(ProjectConfigurationPlatforms) = postSolution
		{A52685DB-1D52-47ED-A60A-FAD8A5CC9514}.Debug|Any CPU.ActiveCfg = Debug|Any CPU
		{A52685DB-1D52-47ED-A60A-FAD8A5CC9514}.Debug|Any CPU.Build.0 = Debug|Any CPU
		{A52685DB-1D52-47ED-A60A-FAD8A5CC9514}.Release|Any CPU.ActiveCfg = Release|Any CPU
		{A52685DB-1D52-47ED-A60A-FAD8A5CC9514}.Release|Any CPU.Build.0 = Release|Any CPU
	EndGlobalSection
	GlobalSection(SolutionProperties) = preSolution
		HideSolutionNode = FALSE
	EndGlobalSection
	GlobalSection(ExtensibilityGlobals) = postSolution
		SolutionGuid = {086AB561-C717-4A43-9563-EC37331EEBE1}
	EndGlobalSection
EndGlobal
